
Microsoft Visual Studio Solution File, Format Version 12.00
# Visual Studio Express 2013 for Web
VisualStudioVersion = 12.0.30723.0
MinimumVisualStudioVersion = 10.0.40219.1
Project("{2150E333-8FDC-42A3-9474-1A3956D46DE8}") = ".nuget", ".nuget", "{60417FAB-381A-4F1B-957D-3AE4C6A855E1}"
	ProjectSection(SolutionItems) = preProject
		.nuget\NuGet.Config = .nuget\NuGet.Config
		.nuget\NuGet.exe = .nuget\NuGet.exe
		.nuget\NuGet.targets = .nuget\NuGet.targets
	EndProjectSection
EndProject
Project("{FAE04EC0-301F-11D3-BF4B-00C04F79EFBC}") = "MohammadYounes.Owin.Security.MixedAuth", "MohammadYounes.Owin.Security.MixedAuth\MohammadYounes.Owin.Security.MixedAuth.csproj", "{E31C95B4-29E0-4464-937A-603857342A9C}"
EndProject
Project("{FAE04EC0-301F-11D3-BF4B-00C04F79EFBC}") = "MVC", "MVC\MVC.csproj", "{32D8DE1C-FC79-4C1C-90E6-69B1D16032C3}"
EndProject
Project("{FAE04EC0-301F-11D3-BF4B-00C04F79EFBC}") = "SPA", "SPA\SPA.csproj", "{A98AD6D0-420A-44EA-B26D-99478EAC0587}"
EndProject
Project("{FAE04EC0-301F-11D3-BF4B-00C04F79EFBC}") = "WebForms", "WebForms\WebForms.csproj", "{F5F4731E-98C5-40FB-95FF-1EF6BB22C56C}"
EndProject
Global
	GlobalSection(SolutionConfigurationPlatforms) = preSolution
		Debug|Any CPU = Debug|Any CPU
		Release|Any CPU = Release|Any CPU
	EndGlobalSection
	GlobalSection(ProjectConfigurationPlatforms) = postSolution
		{E31C95B4-29E0-4464-937A-603857342A9C}.Debug|Any CPU.ActiveCfg = Debug|Any CPU
		{E31C95B4-29E0-4464-937A-603857342A9C}.Debug|Any CPU.Build.0 = Debug|Any CPU
		{E31C95B4-29E0-4464-937A-603857342A9C}.Release|Any CPU.ActiveCfg = Release|Any CPU
		{E31C95B4-29E0-4464-937A-603857342A9C}.Release|Any CPU.Build.0 = Release|Any CPU
		{32D8DE1C-FC79-4C1C-90E6-69B1D16032C3}.Debug|Any CPU.ActiveCfg = Debug|Any CPU
		{32D8DE1C-FC79-4C1C-90E6-69B1D16032C3}.Debug|Any CPU.Build.0 = Debug|Any CPU
		{32D8DE1C-FC79-4C1C-90E6-69B1D16032C3}.Release|Any CPU.ActiveCfg = Release|Any CPU
		{32D8DE1C-FC79-4C1C-90E6-69B1D16032C3}.Release|Any CPU.Build.0 = Release|Any CPU
		{A98AD6D0-420A-44EA-B26D-99478EAC0587}.Debug|Any CPU.ActiveCfg = Debug|Any CPU
		{A98AD6D0-420A-44EA-B26D-99478EAC0587}.Debug|Any CPU.Build.0 = Debug|Any CPU
		{A98AD6D0-420A-44EA-B26D-99478EAC0587}.Release|Any CPU.ActiveCfg = Release|Any CPU
		{A98AD6D0-420A-44EA-B26D-99478EAC0587}.Release|Any CPU.Build.0 = Release|Any CPU
		{F5F4731E-98C5-40FB-95FF-1EF6BB22C56C}.Debug|Any CPU.ActiveCfg = Debug|Any CPU
		{F5F4731E-98C5-40FB-95FF-1EF6BB22C56C}.Debug|Any CPU.Build.0 = Debug|Any CPU
		{F5F4731E-98C5-40FB-95FF-1EF6BB22C56C}.Release|Any CPU.ActiveCfg = Release|Any CPU
		{F5F4731E-98C5-40FB-95FF-1EF6BB22C56C}.Release|Any CPU.Build.0 = Release|Any CPU
	EndGlobalSection
	GlobalSection(SolutionProperties) = preSolution
		HideSolutionNode = FALSE
	EndGlobalSection
EndGlobal
